
Microsoft Visual Studio Solution File, Format Version 12.00
# Visual Studio Version 17
VisualStudioVersion = 17.4.33205.214
MinimumVisualStudioVersion = 10.0.40219.1
Project("{FAE04EC0-301F-11D3-BF4B-00C04F79EFBC}") = "SD-330-Demos", "SD-330-Demos.csproj", "{D0A94DD4-9B6D-4380-8605-DB4FCE5D626C}"
EndProject
Global
	GlobalSection(SolutionConfigurationPlatforms) = preSolution
		Debug|Any CPU = Debug|Any CPU
		Release|Any CPU = Release|Any CPU
	EndGlobalSection
	GlobalSection(ProjectConfigurationPlatforms) = postSolution
		{D0A94DD4-9B6D-4380-8605-DB4FCE5D626C}.Debug|Any CPU.ActiveCfg = Debug|Any CPU
		{D0A94DD4-9B6D-4380-8605-DB4FCE5D626C}.Debug|Any CPU.Build.0 = Debug|Any CPU
		{D0A94DD4-9B6D-4380-8605-DB4FCE5D626C}.Release|Any CPU.ActiveCfg = Release|Any CPU
		{D0A94DD4-9B6D-4380-8605-DB4FCE5D626C}.Release|Any CPU.Build.0 = Release|Any CPU
	EndGlobalSection
	GlobalSection(SolutionProperties) = preSolution
		HideSolutionNode = FALSE
	EndGlobalSection
	GlobalSection(ExtensibilityGlobals) = postSolution
		SolutionGuid = {BB064D9B-E2B7-4D4C-BEA4-0C4938F225E5}
	EndGlobalSection
EndGlobal
